
Microsoft Visual Studio Solution File, Format Version 12.00
# Visual Studio Version 16
VisualStudioVersion = 16.0.30517.126
MinimumVisualStudioVersion = 10.0.40219.1
Project("{9A19103F-16F7-4668-BE54-9A1E7A4F7556}") = "Utilities", "Utilities\Utilities.csproj", "{7AE4D6A2-1E28-48BA-A37A-0E9302BF2D20}"
EndProject
Project("{9A19103F-16F7-4668-BE54-9A1E7A4F7556}") = "StringConcatination", "StringConcatination\StringConcatination.csproj", "{A02DEF0B-B4B4-49BC-9754-BA3077F96D4F}"
EndProject
Project("{9A19103F-16F7-4668-BE54-9A1E7A4F7556}") = "FileAccess", "FileAccess\FileAccess.csproj", "{EBF0E8A0-2A0B-4ACB-9FF3-F9403E1FF07D}"
EndProject
Project("{9A19103F-16F7-4668-BE54-9A1E7A4F7556}") = "Converter", "Converter\Converter.csproj", "{739074C4-642C-4C73-AED5-439DE3A695FA}"
EndProject
Project("{FAE04EC0-301F-11D3-BF4B-00C04F79EFBC}") = "PropertiesGenerator", "PropertiesGenerator\PropertiesGenerator.csproj", "{F97CA23C-C539-438E-B81A-EFEF252CFA3A}"
EndProject
Global
	GlobalSection(SolutionConfigurationPlatforms) = preSolution
		Debug|Any CPU = Debug|Any CPU
		Release|Any CPU = Release|Any CPU
	EndGlobalSection
	GlobalSection(ProjectConfigurationPlatforms) = postSolution
		{7AE4D6A2-1E28-48BA-A37A-0E9302BF2D20}.Debug|Any CPU.ActiveCfg = Debug|Any CPU
		{7AE4D6A2-1E28-48BA-A37A-0E9302BF2D20}.Debug|Any CPU.Build.0 = Debug|Any CPU
		{7AE4D6A2-1E28-48BA-A37A-0E9302BF2D20}.Release|Any CPU.ActiveCfg = Release|Any CPU
		{7AE4D6A2-1E28-48BA-A37A-0E9302BF2D20}.Release|Any CPU.Build.0 = Release|Any CPU
		{A02DEF0B-B4B4-49BC-9754-BA3077F96D4F}.Debug|Any CPU.ActiveCfg = Debug|Any CPU
		{A02DEF0B-B4B4-49BC-9754-BA3077F96D4F}.Debug|Any CPU.Build.0 = Debug|Any CPU
		{A02DEF0B-B4B4-49BC-9754-BA3077F96D4F}.Release|Any CPU.ActiveCfg = Release|Any CPU
		{A02DEF0B-B4B4-49BC-9754-BA3077F96D4F}.Release|Any CPU.Build.0 = Release|Any CPU
		{EBF0E8A0-2A0B-4ACB-9FF3-F9403E1FF07D}.Debug|Any CPU.ActiveCfg = Debug|Any CPU
		{EBF0E8A0-2A0B-4ACB-9FF3-F9403E1FF07D}.Debug|Any CPU.Build.0 = Debug|Any CPU
		{EBF0E8A0-2A0B-4ACB-9FF3-F9403E1FF07D}.Release|Any CPU.ActiveCfg = Release|Any CPU
		{EBF0E8A0-2A0B-4ACB-9FF3-F9403E1FF07D}.Release|Any CPU.Build.0 = Release|Any CPU
		{739074C4-642C-4C73-AED5-439DE3A695FA}.Debug|Any CPU.ActiveCfg = Debug|Any CPU
		{739074C4-642C-4C73-AED5-439DE3A695FA}.Debug|Any CPU.Build.0 = Debug|Any CPU
		{739074C4-642C-4C73-AED5-439DE3A695FA}.Release|Any CPU.ActiveCfg = Release|Any CPU
		{739074C4-642C-4C73-AED5-439DE3A695FA}.Release|Any CPU.Build.0 = Release|Any CPU
		{F97CA23C-C539-438E-B81A-EFEF252CFA3A}.Debug|Any CPU.ActiveCfg = Debug|Any CPU
		{F97CA23C-C539-438E-B81A-EFEF252CFA3A}.Debug|Any CPU.Build.0 = Debug|Any CPU
		{F97CA23C-C539-438E-B81A-EFEF252CFA3A}.Release|Any CPU.ActiveCfg = Release|Any CPU
		{F97CA23C-C539-438E-B81A-EFEF252CFA3A}.Release|Any CPU.Build.0 = Release|Any CPU
	EndGlobalSection
	GlobalSection(SolutionProperties) = preSolution
		HideSolutionNode = FALSE
	EndGlobalSection
	GlobalSection(ExtensibilityGlobals) = postSolution
		SolutionGuid = {BAF391AA-9534-4C81-9EB9-7E9AAB856BD8}
	EndGlobalSection
EndGlobal
